<?xml version="1.0" encoding="utf-8"?>
<Project ToolsVersion="4.0" xmlns="http://schemas.microsoft.com/developer/msbuild/2003">
  <ItemGroup>
    <Filter Include="Source Files">
      <UniqueIdentifier>{4FC737F1-C7A5-4376-A066-2A32D752A2FF}</UniqueIdentifier>
      <Extensions>cpp;c;cc;cxx;c++;cppm;ixx;def;odl;idl;hpj;bat;asm;asmx</Extensions>
    </Filter>
    <Filter Include="Header Files">
      <UniqueIdentifier>{93995380-89BD-4b04-88EB-625FBE52EBFB}</UniqueIdentifier>
      <Extensions>h;hh;hpp;hxx;h++;hm;inl;inc;ipp;xsd</Extensions>
    </Filter>
    <Filter Include="Resource Files">
      <UniqueIdentifier>{67DA6AB6-F800-4c08-8B7A-83BB121AAD01}</UniqueIdentifier>
      <Extensions>rc;ico;cur;bmp;dlg;rc2;rct;bin;rgs;gif;jpg;jpeg;jpe;resx;tiff;tif;png;wav;mfcribbon-ms</Extensions>
    </Filter>
    <Filter Include="Resource Files\Shaders">
      <UniqueIdentifier>{dac82e08-ebc0-43e9-9d1a-eb08b69b4d51}</UniqueIdentifier>
    </Filter>
    <Filter Include="Header Files\components">
      <UniqueIdentifier>{673aea21-0b7d-47a1-88f1-dcec0c6ff90d}</UniqueIdentifier>
    </Filter>
    <Filter Include="Source Files\glad">
      <UniqueIdentifier>{45e4f33a-7824-4873-80c1-66b5cf9b19a1}</UniqueIdentifier>
    </Filter>
  </ItemGroup>
  <ItemGroup>
    <ClCompile Include="componentPool.cpp">
      <Filter>Source Files</Filter>
    </ClCompile>
    <ClCompile Include="economy.cpp">
      <Filter>Source Files</Filter>
    </ClCompile>
    <ClCompile Include="empire.cpp">
      <Filter>Source Files</Filter>
    </ClCompile>
    <ClCompile Include="entity.cpp">
      <Filter>Source Files</Filter>
    </ClCompile>
    <ClCompile Include="grid.cpp">
      <Filter>Source Files</Filter>
    </ClCompile>
    <ClCompile Include="main.cpp">
      <Filter>Source Files</Filter>
    </ClCompile>
    <ClCompile Include="quad.cpp">
      <Filter>Source Files</Filter>
    </ClCompile>
    <ClCompile Include="render.cpp">
      <Filter>Source Files</Filter>
    </ClCompile>
    <ClCompile Include="resource.cpp">
      <Filter>Source Files</Filter>
    </ClCompile>
    <ClCompile Include="EntityManager.cpp">
      <Filter>Source Files</Filter>
    </ClCompile>
    <ClCompile Include="..\..\..\..\..\..\Dev\glad\src\glad.c">
      <Filter>Source Files\glad</Filter>
    </ClCompile>
    <ClCompile Include="collider2d.cpp">
      <Filter>Source Files</Filter>
    </ClCompile>
    <ClCompile Include="physics2d.cpp">
      <Filter>Source Files</Filter>
    </ClCompile>
    <ClCompile Include="Sprite.cpp">
      <Filter>Source Files</Filter>
    </ClCompile>
    <ClCompile Include="SpriteSheet.cpp">
      <Filter>Source Files</Filter>
    </ClCompile>
  </ItemGroup>
  <ItemGroup>
    <None Include="shaders\fieldLines.frag">
      <Filter>Resource Files\Shaders</Filter>
    </None>
    <None Include="shaders\triagShader.frag">
      <Filter>Resource Files\Shaders</Filter>
    </None>
    <None Include="shaders\triagShader.vert">
      <Filter>Resource Files\Shaders</Filter>
    </None>
    <None Include="..\.gitignore" />
    <None Include="shaders\spriteTest.vert" />
    <None Include="shaders\spriteTest.frag" />
  </ItemGroup>
  <ItemGroup>
    <ClInclude Include="inc\componentPool.hpp">
      <Filter>Header Files</Filter>
    </ClInclude>
    <ClInclude Include="inc\constants.hpp">
      <Filter>Header Files</Filter>
    </ClInclude>
    <ClInclude Include="inc\economy.hpp">
      <Filter>Header Files</Filter>
    </ClInclude>
    <ClInclude Include="inc\empire.hpp">
      <Filter>Header Files</Filter>
    </ClInclude>
    <ClInclude Include="inc\entity.hpp">
      <Filter>Header Files</Filter>
    </ClInclude>
    <ClInclude Include="inc\EntityManager.hpp">
      <Filter>Header Files</Filter>
    </ClInclude>
    <ClInclude Include="inc\grid.hpp">
      <Filter>Header Files</Filter>
    </ClInclude>
    <ClInclude Include="inc\quad.hpp">
      <Filter>Header Files</Filter>
    </ClInclude>
    <ClInclude Include="inc\render.hpp">
      <Filter>Header Files</Filter>
    </ClInclude>
    <ClInclude Include="inc\resource.hpp">
      <Filter>Header Files</Filter>
    </ClInclude>
    <ClInclude Include="inc\components\collider2d.hpp">
      <Filter>Header Files</Filter>
    </ClInclude>
    <ClInclude Include="inc\components\physics2d.hpp">
      <Filter>Header Files</Filter>
    </ClInclude>
    <ClInclude Include="inc\Sprite.hpp">
      <Filter>Header Files</Filter>
    </ClInclude>
    <ClInclude Include="inc\SpriteSheet.hpp">
      <Filter>Header Files</Filter>
    </ClInclude>
  </ItemGroup>
  <ItemGroup>
    <Image Include="res\container.jpg">
      <Filter>Resource Files</Filter>
    </Image>
  </ItemGroup>
</Project>